
Microsoft Visual Studio Solution File, Format Version 12.00
# Visual Studio Version 17
VisualStudioVersion = 17.6.33723.286
MinimumVisualStudioVersion = 10.0.40219.1
Project("{FAE04EC0-301F-11D3-BF4B-00C04F79EFBC}") = "VoxelAnima", "VoxelAnima.csproj", "{8A7D79FB-43DA-4877-88A5-A961A246AA8F}"
EndProject
Global
	GlobalSection(SolutionConfigurationPlatforms) = preSolution
		Debug|Any CPU = Debug|Any CPU
		Release|Any CPU = Release|Any CPU
	EndGlobalSection
	GlobalSection(ProjectConfigurationPlatforms) = postSolution
		{8A7D79FB-43DA-4877-88A5-A961A246AA8F}.Debug|Any CPU.ActiveCfg = Debug|Any CPU
		{8A7D79FB-43DA-4877-88A5-A961A246AA8F}.Debug|Any CPU.Build.0 = Debug|Any CPU
		{8A7D79FB-43DA-4877-88A5-A961A246AA8F}.Release|Any CPU.ActiveCfg = Release|Any CPU
		{8A7D79FB-43DA-4877-88A5-A961A246AA8F}.Release|Any CPU.Build.0 = Release|Any CPU
	EndGlobalSection
	GlobalSection(SolutionProperties) = preSolution
		HideSolutionNode = FALSE
	EndGlobalSection
	GlobalSection(ExtensibilityGlobals) = postSolution
		SolutionGuid = {8158AB35-0867-4AA9-95FC-AAE33AC4FE59}
	EndGlobalSection
EndGlobal
